{
  "name": "pow-frontend",
  "version": "1.0.0",
  "lockfileVersion": 3,
  "requires": true,
  "packages": {
    "": {
      "name": "pow-frontend",
      "version": "1.0.0",
      "dependencies": {
        "js-sha256": "^0.11.1",
        "randomx.js": "^0.1.3"
      },
      "devDependencies": {
        "@types/node": "^20.0.0",
        "typescript": "^5.0.0"
      }
    },
    "node_modules/@types/node": {
      "version": "20.19.37",
      "resolved": "https://nexus.c-com-system.net/repository/npm-public/@types/node/-/node-20.19.37.tgz",
      "integrity": "sha512-8kzdPJ3FsNsVIurqBs7oodNnCEVbni9yUEkaHbgptDACOPW04jimGagZ51E6+lXUwJjgnBw+hyko/lkFWCldqw==",
      "dev": true,
      "license": "MIT",
      "dependencies": {
        "undici-types": "~6.21.0"
      }
    },
    "node_modules/js-sha256": {
      "version": "0.11.1",
      "resolved": "https://nexus.c-com-system.net/repository/npm-public/js-sha256/-/js-sha256-0.11.1.tgz",
      "integrity": "sha512-o6WSo/LUvY2uC4j7mO50a2ms7E/EAdbP0swigLV+nzHKTTaYnaLIWJ02VdXrsJX0vGedDESQnLsOekr94ryfjg==",
      "license": "MIT"
    },
    "node_modules/randomx.js": {
      "version": "0.1.3",
      "resolved": "https://nexus.c-com-system.net/repository/npm-public/randomx.js/-/randomx.js-0.1.3.tgz",
      "integrity": "sha512-7ynJVQwSwuHC13ywiZ5zBDJmao/Ytqtq20D2sNqsBqSMusFSr0nWvqhF0qnX3JvXQ0nRMFlpmJ8hD9w0CT9LTw==",
      "license": "BSD-3-Clause",
      "engines": {
        "node": ">=17"
      }
    },
    "node_modules/typescript": {
      "version": "5.9.3",
      "resolved": "https://nexus.c-com-system.net/repository/npm-public/typescript/-/typescript-5.9.3.tgz",
      "integrity": "sha512-jl1vZzPDinLr9eUt3J/t7V6FgNEw9QjvBPdysz9KfQDD41fQrC2Y4vKQdiaUpFT4bXlb1RHhLpp8wtm6M5TgSw==",
      "dev": true,
      "license": "Apache-2.0",
      "bin": {
        "tsc": "bin/tsc",
        "tsserver": "bin/tsserver"
      },
      "engines": {
        "node": ">=14.17"
      }
    },
    "node_modules/undici-types": {
      "version": "6.21.0",
      "resolved": "https://nexus.c-com-system.net/repository/npm-public/undici-types/-/undici-types-6.21.0.tgz",
      "integrity": "sha512-iwDZqg0QAGrg9Rav5H4n0M64c3mkR59cJ6wQp+7C4nI0gsmExaedaYLNO44eT4AtBBwjbTiGPMlt2Md0T9H9JQ==",
      "dev": true,
      "license": "MIT"
    }
  }
}
